
Microsoft Visual Studio Solution File, Format Version 12.00
# Visual Studio Version 16
VisualStudioVersion = 16.0.32929.386
MinimumVisualStudioVersion = 10.0.40219.1
Project("{FAE04EC0-301F-11D3-BF4B-00C04F79EFBC}") = "AdoExample", "AdoExample\AdoExample.csproj", "{C62E7329-13E6-4CD4-8766-32DE253CC3FD}"
EndProject
Global
	GlobalSection(SolutionConfigurationPlatforms) = preSolution
		Debug|Any CPU = Debug|Any CPU
		Release|Any CPU = Release|Any CPU
	EndGlobalSection
	GlobalSection(ProjectConfigurationPlatforms) = postSolution
		{C62E7329-13E6-4CD4-8766-32DE253CC3FD}.Debug|Any CPU.ActiveCfg = Debug|Any CPU
		{C62E7329-13E6-4CD4-8766-32DE253CC3FD}.Debug|Any CPU.Build.0 = Debug|Any CPU
		{C62E7329-13E6-4CD4-8766-32DE253CC3FD}.Release|Any CPU.ActiveCfg = Release|Any CPU
		{C62E7329-13E6-4CD4-8766-32DE253CC3FD}.Release|Any CPU.Build.0 = Release|Any CPU
	EndGlobalSection
	GlobalSection(SolutionProperties) = preSolution
		HideSolutionNode = FALSE
	EndGlobalSection
	GlobalSection(ExtensibilityGlobals) = postSolution
		SolutionGuid = {F8559829-D848-40F3-AE4D-AC9536148A91}
	EndGlobalSection
EndGlobal
